
Microsoft Visual Studio Solution File, Format Version 12.00
# Visual Studio 2013
VisualStudioVersion = 12.0.21005.1
MinimumVisualStudioVersion = 10.0.40219.1
Project("{8BC9CEB8-8B4A-11D0-8D11-00A0C91BC942}") = "OpenPE", "OpenPE\OpenPE.vcxproj", "{7BD01922-0EB2-4ADE-9F8B-DE6D2650A0ED}"
EndProject
Project("{2150E333-8FDC-42A3-9474-1A3956D46DE8}") = "OpenPE Library", "OpenPE Library", "{211B559A-FBBA-4682-8046-4CB33DC8C30E}"
EndProject
Project("{2150E333-8FDC-42A3-9474-1A3956D46DE8}") = "Samples", "Samples", "{A4D87E31-0D0C-42DD-A7D8-ADD8DC755666}"
EndProject
Project("{2150E333-8FDC-42A3-9474-1A3956D46DE8}") = "View PE Information", "View PE Information", "{3727518B-49D8-4A28-B363-DD50D2C59FE3}"
EndProject
Project("{8BC9CEB8-8B4A-11D0-8D11-00A0C91BC942}") = "0_BasicInfoViewer", "Samples\0_BasicInfoViewer\0_BasicInfoViewer.vcxproj", "{C33D1728-AA68-4DDA-ADF5-88AC18E1246F}"
EndProject
Project("{8BC9CEB8-8B4A-11D0-8D11-00A0C91BC942}") = "1_AddressConvertions", "Samples\1_AddressConvertions\1_AddressConvertions.vcxproj", "{199B6304-B579-4CCE-967F-A060B08A4A1C}"
EndProject
Project("{8BC9CEB8-8B4A-11D0-8D11-00A0C91BC942}") = "2_BasicDotNetViewer", "Samples\2_BasicDotNetViewer\2_BasicDotNetViewer.vcxproj", "{1C4158DC-B24D-47AA-BADF-FBA8DBE941A2}"
EndProject
Project("{8BC9CEB8-8B4A-11D0-8D11-00A0C91BC942}") = "3_SectionsAndAddresses", "Samples\3_SectionsAndAddresses\3_SectionsAndAddresses.vcxproj", "{498C6B9B-2188-43F9-88AF-BA35D9984364}"
EndProject
Global
	GlobalSection(SolutionConfigurationPlatforms) = preSolution
		Debug|Win32 = Debug|Win32
		Release|Win32 = Release|Win32
	EndGlobalSection
	GlobalSection(ProjectConfigurationPlatforms) = postSolution
		{7BD01922-0EB2-4ADE-9F8B-DE6D2650A0ED}.Debug|Win32.ActiveCfg = Debug|Win32
		{7BD01922-0EB2-4ADE-9F8B-DE6D2650A0ED}.Debug|Win32.Build.0 = Debug|Win32
		{7BD01922-0EB2-4ADE-9F8B-DE6D2650A0ED}.Release|Win32.ActiveCfg = Release|Win32
		{7BD01922-0EB2-4ADE-9F8B-DE6D2650A0ED}.Release|Win32.Build.0 = Release|Win32
		{C33D1728-AA68-4DDA-ADF5-88AC18E1246F}.Debug|Win32.ActiveCfg = Debug|Win32
		{C33D1728-AA68-4DDA-ADF5-88AC18E1246F}.Debug|Win32.Build.0 = Debug|Win32
		{C33D1728-AA68-4DDA-ADF5-88AC18E1246F}.Release|Win32.ActiveCfg = Release|Win32
		{C33D1728-AA68-4DDA-ADF5-88AC18E1246F}.Release|Win32.Build.0 = Release|Win32
		{199B6304-B579-4CCE-967F-A060B08A4A1C}.Debug|Win32.ActiveCfg = Debug|Win32
		{199B6304-B579-4CCE-967F-A060B08A4A1C}.Debug|Win32.Build.0 = Debug|Win32
		{199B6304-B579-4CCE-967F-A060B08A4A1C}.Release|Win32.ActiveCfg = Release|Win32
		{199B6304-B579-4CCE-967F-A060B08A4A1C}.Release|Win32.Build.0 = Release|Win32
		{1C4158DC-B24D-47AA-BADF-FBA8DBE941A2}.Debug|Win32.ActiveCfg = Debug|Win32
		{1C4158DC-B24D-47AA-BADF-FBA8DBE941A2}.Debug|Win32.Build.0 = Debug|Win32
		{1C4158DC-B24D-47AA-BADF-FBA8DBE941A2}.Release|Win32.ActiveCfg = Release|Win32
		{1C4158DC-B24D-47AA-BADF-FBA8DBE941A2}.Release|Win32.Build.0 = Release|Win32
		{498C6B9B-2188-43F9-88AF-BA35D9984364}.Debug|Win32.ActiveCfg = Debug|Win32
		{498C6B9B-2188-43F9-88AF-BA35D9984364}.Debug|Win32.Build.0 = Debug|Win32
		{498C6B9B-2188-43F9-88AF-BA35D9984364}.Release|Win32.ActiveCfg = Release|Win32
		{498C6B9B-2188-43F9-88AF-BA35D9984364}.Release|Win32.Build.0 = Release|Win32
	EndGlobalSection
	GlobalSection(SolutionProperties) = preSolution
		HideSolutionNode = FALSE
	EndGlobalSection
	GlobalSection(NestedProjects) = preSolution
		{7BD01922-0EB2-4ADE-9F8B-DE6D2650A0ED} = {211B559A-FBBA-4682-8046-4CB33DC8C30E}
		{3727518B-49D8-4A28-B363-DD50D2C59FE3} = {A4D87E31-0D0C-42DD-A7D8-ADD8DC755666}
		{C33D1728-AA68-4DDA-ADF5-88AC18E1246F} = {3727518B-49D8-4A28-B363-DD50D2C59FE3}
		{199B6304-B579-4CCE-967F-A060B08A4A1C} = {3727518B-49D8-4A28-B363-DD50D2C59FE3}
		{1C4158DC-B24D-47AA-BADF-FBA8DBE941A2} = {3727518B-49D8-4A28-B363-DD50D2C59FE3}
		{498C6B9B-2188-43F9-88AF-BA35D9984364} = {3727518B-49D8-4A28-B363-DD50D2C59FE3}
	EndGlobalSection
EndGlobal
